schema: '2.0'
stages:
  data_ingestion:
    cmd: python src/data_ingestion.py
    deps:
    - path: src/data_ingestion.py
      hash: md5
      md5: e256e788772871314a7e7d0f060ffac5
      size: 4091
    params:
      params.yaml:
        data_ingestion.target_variable: Mortality rate, adult, female (per 1,000
          female adults)
        data_ingestion.test_size: 0.2
    outs:
    - path: data/raw
      hash: md5
      md5: effc33a7e84a980453f41fa561655c93.dir
      size: 530047
      nfiles: 2
  feature_selection:
    cmd: python src/feature_selection.py
    deps:
    - path: data/raw
      hash: md5
      md5: effc33a7e84a980453f41fa561655c93.dir
      size: 530047
      nfiles: 2
    - path: src/feature_selection.py
      hash: md5
      md5: 2bdba54c42a86514a212d19032c4ce42
      size: 4282
    params:
      params.yaml:
        feature_selection.CORR_METHOD: spearman
        feature_selection.MIN_ABS_CORR: 0.35
        feature_selection.TOP_K: 30
    outs:
    - path: data/processed
      hash: md5
      md5: 5426295786af221ee8ff15b79310d0c7.dir
      size: 319768
      nfiles: 2
  model_training:
    cmd: python src/model_training.py
    deps:
    - path: data/processed
      hash: md5
      md5: 5426295786af221ee8ff15b79310d0c7.dir
      size: 319768
      nfiles: 2
    - path: src/model_training.py
      hash: md5
      md5: 4c76d93136a811df11c585856caf16d0
      size: 4735
    params:
      params.yaml:
        model_training.model_colsample_bytree: 0.85
        model_training.model_learning_rate: 0.01
        model_training.model_max_depth: 3
        model_training.model_min_child_weight: 3
        model_training.model_n_estimators: 300
        model_training.model_subsample: 0.7
        model_training.n_jobs: -5
        model_training.random_state: 42
    outs:
    - path: models/model.pkl
      hash: md5
      md5: 34562c4056a9c96f1fb7fbd930d14806
      size: 310572
  model_evaluation:
    cmd: python src/model_evaluation.py
    deps:
    - path: models/model.pkl
      hash: md5
      md5: 34562c4056a9c96f1fb7fbd930d14806
      size: 310572
    - path: src/model_evaluation.py
      hash: md5
      md5: 5fd1cabab6f7dc61791b34297a165953
      size: 4366
    outs:
    - path: reports/metrics.json
      hash: md5
      md5: 960162f26e72bd322f476f874df92306
      size: 151
